
Microsoft Visual Studio Solution File, Format Version 12.00
# Visual Studio Version 17
VisualStudioVersion = 17.4.33122.133
MinimumVisualStudioVersion = 10.0.40219.1
Project("{8BC9CEB8-8B4A-11D0-8D11-00A0C91BC942}") = "RandomSeatingChart", "RandomSeatingChart\RandomSeatingChart.vcxproj", "{17F081BA-B4EB-4236-9034-A030878675B2}"
EndProject
Project("{8BC9CEB8-8B4A-11D0-8D11-00A0C91BC942}") = "RandomSeatingChartMod", "RandomSeatingChartMod\RandomSeatingChartMod.vcxproj", "{CEE28FB3-65BF-4656-9B2F-8BEC4F2D6D81}"
EndProject
Project("{FAE04EC0-301F-11D3-BF4B-00C04F79EFBC}") = "KawayamaService", "KawayamaService\KawayamaService.csproj", "{31941E02-4236-4827-B6DD-A6FB6273231B}"
EndProject
Global
	GlobalSection(SolutionConfigurationPlatforms) = preSolution
		Debug|Any CPU = Debug|Any CPU
		Debug|x64 = Debug|x64
		Debug|x86 = Debug|x86
		Release|Any CPU = Release|Any CPU
		Release|x64 = Release|x64
		Release|x86 = Release|x86
	EndGlobalSection
	GlobalSection(ProjectConfigurationPlatforms) = postSolution
		{17F081BA-B4EB-4236-9034-A030878675B2}.Debug|Any CPU.ActiveCfg = Debug|x64
		{17F081BA-B4EB-4236-9034-A030878675B2}.Debug|Any CPU.Build.0 = Debug|x64
		{17F081BA-B4EB-4236-9034-A030878675B2}.Debug|x64.ActiveCfg = Debug|x64
		{17F081BA-B4EB-4236-9034-A030878675B2}.Debug|x64.Build.0 = Debug|x64
		{17F081BA-B4EB-4236-9034-A030878675B2}.Debug|x86.ActiveCfg = Debug|Win32
		{17F081BA-B4EB-4236-9034-A030878675B2}.Debug|x86.Build.0 = Debug|Win32
		{17F081BA-B4EB-4236-9034-A030878675B2}.Release|Any CPU.ActiveCfg = Release|x64
		{17F081BA-B4EB-4236-9034-A030878675B2}.Release|Any CPU.Build.0 = Release|x64
		{17F081BA-B4EB-4236-9034-A030878675B2}.Release|x64.ActiveCfg = Release|x64
		{17F081BA-B4EB-4236-9034-A030878675B2}.Release|x64.Build.0 = Release|x64
		{17F081BA-B4EB-4236-9034-A030878675B2}.Release|x86.ActiveCfg = Release|Win32
		{17F081BA-B4EB-4236-9034-A030878675B2}.Release|x86.Build.0 = Release|Win32
		{CEE28FB3-65BF-4656-9B2F-8BEC4F2D6D81}.Debug|Any CPU.ActiveCfg = Debug|x64
		{CEE28FB3-65BF-4656-9B2F-8BEC4F2D6D81}.Debug|Any CPU.Build.0 = Debug|x64
		{CEE28FB3-65BF-4656-9B2F-8BEC4F2D6D81}.Debug|x64.ActiveCfg = Debug|x64
		{CEE28FB3-65BF-4656-9B2F-8BEC4F2D6D81}.Debug|x64.Build.0 = Debug|x64
		{CEE28FB3-65BF-4656-9B2F-8BEC4F2D6D81}.Debug|x86.ActiveCfg = Debug|Win32
		{CEE28FB3-65BF-4656-9B2F-8BEC4F2D6D81}.Debug|x86.Build.0 = Debug|Win32
		{CEE28FB3-65BF-4656-9B2F-8BEC4F2D6D81}.Release|Any CPU.ActiveCfg = Release|x64
		{CEE28FB3-65BF-4656-9B2F-8BEC4F2D6D81}.Release|Any CPU.Build.0 = Release|x64
		{CEE28FB3-65BF-4656-9B2F-8BEC4F2D6D81}.Release|x64.ActiveCfg = Release|x64
		{CEE28FB3-65BF-4656-9B2F-8BEC4F2D6D81}.Release|x64.Build.0 = Release|x64
		{CEE28FB3-65BF-4656-9B2F-8BEC4F2D6D81}.Release|x86.ActiveCfg = Release|Win32
		{CEE28FB3-65BF-4656-9B2F-8BEC4F2D6D81}.Release|x86.Build.0 = Release|Win32
		{31941E02-4236-4827-B6DD-A6FB6273231B}.Debug|Any CPU.ActiveCfg = Debug|Any CPU
		{31941E02-4236-4827-B6DD-A6FB6273231B}.Debug|Any CPU.Build.0 = Debug|Any CPU
		{31941E02-4236-4827-B6DD-A6FB6273231B}.Debug|x64.ActiveCfg = Debug|Any CPU
		{31941E02-4236-4827-B6DD-A6FB6273231B}.Debug|x64.Build.0 = Debug|Any CPU
		{31941E02-4236-4827-B6DD-A6FB6273231B}.Debug|x86.ActiveCfg = Debug|Any CPU
		{31941E02-4236-4827-B6DD-A6FB6273231B}.Debug|x86.Build.0 = Debug|Any CPU
		{31941E02-4236-4827-B6DD-A6FB6273231B}.Release|Any CPU.ActiveCfg = Release|Any CPU
		{31941E02-4236-4827-B6DD-A6FB6273231B}.Release|Any CPU.Build.0 = Release|Any CPU
		{31941E02-4236-4827-B6DD-A6FB6273231B}.Release|x64.ActiveCfg = Release|Any CPU
		{31941E02-4236-4827-B6DD-A6FB6273231B}.Release|x64.Build.0 = Release|Any CPU
		{31941E02-4236-4827-B6DD-A6FB6273231B}.Release|x86.ActiveCfg = Release|Any CPU
		{31941E02-4236-4827-B6DD-A6FB6273231B}.Release|x86.Build.0 = Release|Any CPU
	EndGlobalSection
	GlobalSection(SolutionProperties) = preSolution
		HideSolutionNode = FALSE
	EndGlobalSection
	GlobalSection(ExtensibilityGlobals) = postSolution
		SolutionGuid = {4F1B0500-A89B-48C7-9C02-6C9CC1A35364}
	EndGlobalSection
EndGlobal
